// !$*UTF8*$!
{
	archiveVersion = 1;
	classes = {
	};
	objectVersion = 55;
	objects = {

/* Begin PBXBuildFile section */
		780BF38929D0EA6F00A3CFA0 /* AppDelegate.swift in Sources */ = {isa = PBXBuildFile; fileRef = 780BF38829D0EA6F00A3CFA0 /* AppDelegate.swift */; };
		780BF38B29D0EA6F00A3CFA0 /* SceneDelegate.swift in Sources */ = {isa = PBXBuildFile; fileRef = 780BF38A29D0EA6F00A3CFA0 /* SceneDelegate.swift */; };
		780BF38D29D0EA6F00A3CFA0 /* TrackersViewController.swift in Sources */ = {isa = PBXBuildFile; fileRef = 780BF38C29D0EA6F00A3CFA0 /* TrackersViewController.swift */; };
		780BF39229D0EA7100A3CFA0 /* Assets.xcassets in Resources */ = {isa = PBXBuildFile; fileRef = 780BF39129D0EA7100A3CFA0 /* Assets.xcassets */; };
		780BF39529D0EA7100A3CFA0 /* LaunchScreen.storyboard in Resources */ = {isa = PBXBuildFile; fileRef = 780BF39329D0EA7100A3CFA0 /* LaunchScreen.storyboard */; };
		780BF39E29D0EADB00A3CFA0 /* SnapKit in Frameworks */ = {isa = PBXBuildFile; productRef = 780BF39D29D0EADB00A3CFA0 /* SnapKit */; };
		784BCA7629E85BDD00D1A14E /* TrackerCoreDataModel.xcdatamodeld in Sources */ = {isa = PBXBuildFile; fileRef = 784BCA7429E85BDD00D1A14E /* TrackerCoreDataModel.xcdatamodeld */; };
		7854D8E329F5A0C300CE6AE7 /* HabitCreationViewModel.swift in Sources */ = {isa = PBXBuildFile; fileRef = 7854D8E229F5A0C300CE6AE7 /* HabitCreationViewModel.swift */; };
		7854D8E529F5A22D00CE6AE7 /* ScheduleViewModel.swift in Sources */ = {isa = PBXBuildFile; fileRef = 7854D8E429F5A22D00CE6AE7 /* ScheduleViewModel.swift */; };
		7854D8E729F6EC3800CE6AE7 /* CategoriesDiffableDataSource.swift in Sources */ = {isa = PBXBuildFile; fileRef = 7854D8E629F6EC3800CE6AE7 /* CategoriesDiffableDataSource.swift */; };
		7854D8E929F9973100CE6AE7 /* TrackersListViewModel.swift in Sources */ = {isa = PBXBuildFile; fileRef = 7854D8E829F9973100CE6AE7 /* TrackersListViewModel.swift */; };
		7854D8EB29F99EFA00CE6AE7 /* TrackerListDiffableDataSource.swift in Sources */ = {isa = PBXBuildFile; fileRef = 7854D8EA29F99EFA00CE6AE7 /* TrackerListDiffableDataSource.swift */; };
		786BF14029EC38EA009317E5 /* DataStore.swift in Sources */ = {isa = PBXBuildFile; fileRef = 786BF13F29EC38EA009317E5 /* DataStore.swift */; };
		786BF14229EC41F4009317E5 /* Context.swift in Sources */ = {isa = PBXBuildFile; fileRef = 786BF14129EC41F4009317E5 /* Context.swift */; };
		786BF14C29EF01B8009317E5 /* CategoryCreateViewController.swift in Sources */ = {isa = PBXBuildFile; fileRef = 786BF14B29EF01B8009317E5 /* CategoryCreateViewController.swift */; };
		786BF15129F1B520009317E5 /* OnboardingViewController.swift in Sources */ = {isa = PBXBuildFile; fileRef = 786BF15029F1B520009317E5 /* OnboardingViewController.swift */; };
		786BF15329F1B5F4009317E5 /* OnboardingPageViewController.swift in Sources */ = {isa = PBXBuildFile; fileRef = 786BF15229F1B5F4009317E5 /* OnboardingPageViewController.swift */; };
		786BF15629F42189009317E5 /* CategorySelectViewModel.swift in Sources */ = {isa = PBXBuildFile; fileRef = 786BF15529F42189009317E5 /* CategorySelectViewModel.swift */; };
		786BF15829F42CA6009317E5 /* ObservableWrapper.swift in Sources */ = {isa = PBXBuildFile; fileRef = 786BF15729F42CA6009317E5 /* ObservableWrapper.swift */; };
		786BF15A29F459C1009317E5 /* CategoryCreateViewModel.swift in Sources */ = {isa = PBXBuildFile; fileRef = 786BF15929F459C1009317E5 /* CategoryCreateViewModel.swift */; };
		78A706CD29D9889C00932908 /* HabitCreationCoordinator.swift in Sources */ = {isa = PBXBuildFile; fileRef = 78A706CC29D9889C00932908 /* HabitCreationCoordinator.swift */; };
		78A706CF29D98B7900932908 /* EventCreationCoordinator.swift in Sources */ = {isa = PBXBuildFile; fileRef = 78A706CE29D98B7900932908 /* EventCreationCoordinator.swift */; };
		78A706D429D9D9EE00932908 /* CategorySelectViewController.swift in Sources */ = {isa = PBXBuildFile; fileRef = 78A706D329D9D9EE00932908 /* CategorySelectViewController.swift */; };
		78A706D629D9DACE00932908 /* CategoryCoordinator.swift in Sources */ = {isa = PBXBuildFile; fileRef = 78A706D529D9DACE00932908 /* CategoryCoordinator.swift */; };
		78A706D829DA082C00932908 /* EmojiModel.swift in Sources */ = {isa = PBXBuildFile; fileRef = 78A706D729DA082C00932908 /* EmojiModel.swift */; };
		78A706DA29DA0A5800932908 /* Colors.swift in Sources */ = {isa = PBXBuildFile; fileRef = 78A706D929DA0A5800932908 /* Colors.swift */; };
		78A706DC29DB2AC100932908 /* TrackerCreationTableModel.swift in Sources */ = {isa = PBXBuildFile; fileRef = 78A706DB29DB2AC100932908 /* TrackerCreationTableModel.swift */; };
		78A7070629DDC95000932908 /* TrackerCollectionFooter.swift in Sources */ = {isa = PBXBuildFile; fileRef = 78A7070529DDC95000932908 /* TrackerCollectionFooter.swift */; };
		78AA538829D1FC0E0063EB84 /* MainTabBarController.swift in Sources */ = {isa = PBXBuildFile; fileRef = 78AA538729D1FC0E0063EB84 /* MainTabBarController.swift */; };
		78AA538A29D1FD320063EB84 /* UIColor + Ext.swift in Sources */ = {isa = PBXBuildFile; fileRef = 78AA538929D1FD320063EB84 /* UIColor + Ext.swift */; };
		78AA538E29D2028D0063EB84 /* StatisticsViewController.swift in Sources */ = {isa = PBXBuildFile; fileRef = 78AA538D29D2028D0063EB84 /* StatisticsViewController.swift */; };
		78AA539529D353770063EB84 /* BaseViewController.swift in Sources */ = {isa = PBXBuildFile; fileRef = 78AA539429D353760063EB84 /* BaseViewController.swift */; };
		78AA539729D353990063EB84 /* BaseButton.swift in Sources */ = {isa = PBXBuildFile; fileRef = 78AA539629D353990063EB84 /* BaseButton.swift */; };
		78AA539929D3579B0063EB84 /* ContentPlaceholder.swift in Sources */ = {isa = PBXBuildFile; fileRef = 78AA539829D3579B0063EB84 /* ContentPlaceholder.swift */; };
		78AA539C29D361660063EB84 /* TrackerCollectionViewCell.swift in Sources */ = {isa = PBXBuildFile; fileRef = 78AA539B29D361660063EB84 /* TrackerCollectionViewCell.swift */; };
		78AA539F29D5FBD30063EB84 /* TrackerSelectViewController.swift in Sources */ = {isa = PBXBuildFile; fileRef = 78AA539E29D5FBD30063EB84 /* TrackerSelectViewController.swift */; };
		78AA53A229D6100A0063EB84 /* HabitCreationViewController.swift in Sources */ = {isa = PBXBuildFile; fileRef = 78AA53A129D6100A0063EB84 /* HabitCreationViewController.swift */; };
		78AA53A629D611C50063EB84 /* EmojiCollectionViewCell.swift in Sources */ = {isa = PBXBuildFile; fileRef = 78AA53A529D611C50063EB84 /* EmojiCollectionViewCell.swift */; };
		78AA53A829D735FE0063EB84 /* BaseTextField.swift in Sources */ = {isa = PBXBuildFile; fileRef = 78AA53A729D735FE0063EB84 /* BaseTextField.swift */; };
		78AA53AD29D75FC10063EB84 /* HabitCollectionHeaderView.swift in Sources */ = {isa = PBXBuildFile; fileRef = 78AA53AC29D75FC10063EB84 /* HabitCollectionHeaderView.swift */; };
		78AA53AF29D768E60063EB84 /* ColorCollectionViewCell.swift in Sources */ = {isa = PBXBuildFile; fileRef = 78AA53AE29D768E60063EB84 /* ColorCollectionViewCell.swift */; };
		78AA53B329D80A9E0063EB84 /* Tracker.swift in Sources */ = {isa = PBXBuildFile; fileRef = 78AA53B229D80A9E0063EB84 /* Tracker.swift */; };
		78AA53B529D80B070063EB84 /* TrackerCategory.swift in Sources */ = {isa = PBXBuildFile; fileRef = 78AA53B429D80B070063EB84 /* TrackerCategory.swift */; };
		78AA53B729D80B120063EB84 /* TrackerRecord.swift in Sources */ = {isa = PBXBuildFile; fileRef = 78AA53B629D80B120063EB84 /* TrackerRecord.swift */; };
		78AA53BA29D814740063EB84 /* TrackersCollectionHeaderView.swift in Sources */ = {isa = PBXBuildFile; fileRef = 78AA53B929D814740063EB84 /* TrackersCollectionHeaderView.swift */; };
		78AA53BC29D8212F0063EB84 /* Date + Ext.swift in Sources */ = {isa = PBXBuildFile; fileRef = 78AA53BB29D8212F0063EB84 /* Date + Ext.swift */; };
		78AA53BE29D84E410063EB84 /* ScheduleViewController.swift in Sources */ = {isa = PBXBuildFile; fileRef = 78AA53BD29D84E410063EB84 /* ScheduleViewController.swift */; };
		78AA53C029D862890063EB84 /* DaysOfWeek.swift in Sources */ = {isa = PBXBuildFile; fileRef = 78AA53BF29D862890063EB84 /* DaysOfWeek.swift */; };
		78AA53C529D894800063EB84 /* ModulesFactory.swift in Sources */ = {isa = PBXBuildFile; fileRef = 78AA53C429D894800063EB84 /* ModulesFactory.swift */; };
		78AA53C729D894980063EB84 /* UIViewController + Ext.swift in Sources */ = {isa = PBXBuildFile; fileRef = 78AA53C629D894980063EB84 /* UIViewController + Ext.swift */; };
		78AA53CE29D8A11B0063EB84 /* Router.swift in Sources */ = {isa = PBXBuildFile; fileRef = 78AA53CD29D8A11B0063EB84 /* Router.swift */; };
		78AA53D029D8A2100063EB84 /* BaseCoordinator.swift in Sources */ = {isa = PBXBuildFile; fileRef = 78AA53CF29D8A2100063EB84 /* BaseCoordinator.swift */; };
		78AA53D229D8A2340063EB84 /* CoordinatorFactory.swift in Sources */ = {isa = PBXBuildFile; fileRef = 78AA53D129D8A2340063EB84 /* CoordinatorFactory.swift */; };
		78AA53D429D8A3730063EB84 /* AppCoordinator.swift in Sources */ = {isa = PBXBuildFile; fileRef = 78AA53D329D8A3730063EB84 /* AppCoordinator.swift */; };
		78AA53D629D8A56B0063EB84 /* StatisticsFlowCoordinator.swift in Sources */ = {isa = PBXBuildFile; fileRef = 78AA53D529D8A56B0063EB84 /* StatisticsFlowCoordinator.swift */; };
		78AA53DB29D8A6D40063EB84 /* TrackerCoordinator.swift in Sources */ = {isa = PBXBuildFile; fileRef = 78AA53DA29D8A6D40063EB84 /* TrackerCoordinator.swift */; };
		78C2689829E88BC700E8B6EC /* TrackerManagedObject.swift in Sources */ = {isa = PBXBuildFile; fileRef = 78C2689729E88BC700E8B6EC /* TrackerManagedObject.swift */; };
		78C2689A29E8924600E8B6EC /* TrackerRecordManagedObject.swift in Sources */ = {isa = PBXBuildFile; fileRef = 78C2689929E8924600E8B6EC /* TrackerRecordManagedObject.swift */; };
		78C2689E29E9BD5900E8B6EC /* TrackerCategoryManagedObject.swift in Sources */ = {isa = PBXBuildFile; fileRef = 78C2689D29E9BD5900E8B6EC /* TrackerCategoryManagedObject.swift */; };
		78F2FCAC2A1BE028006AF3BE /* swiftgen.yml in Resources */ = {isa = PBXBuildFile; fileRef = 78F2FCAB2A1BE028006AF3BE /* swiftgen.yml */; };
		78F2FCB12A1BE447006AF3BE /* XCAssets+Generated.swift in Sources */ = {isa = PBXBuildFile; fileRef = 78F2FCB02A1BE447006AF3BE /* XCAssets+Generated.swift */; };
		78F2FCBB2A1BF1F0006AF3BE /* Localizable.stringsdict in Resources */ = {isa = PBXBuildFile; fileRef = 78F2FCBD2A1BF1F0006AF3BE /* Localizable.stringsdict */; };
		78F2FCC22A1D3DB6006AF3BE /* InfoPlist.strings in Resources */ = {isa = PBXBuildFile; fileRef = 78F2FCC42A1D3DB6006AF3BE /* InfoPlist.strings */; };
		78F2FCCB2A23535B006AF3BE /* DefaultsStorageService.swift in Sources */ = {isa = PBXBuildFile; fileRef = 78F2FCCA2A23535B006AF3BE /* DefaultsStorageService.swift */; };
		78F2FCD22A2664DA006AF3BE /* AlertModel.swift in Sources */ = {isa = PBXBuildFile; fileRef = 78F2FCD12A2664DA006AF3BE /* AlertModel.swift */; };
		78F2FCE42A267BC7006AF3BE /* Localizable.strings in Resources */ = {isa = PBXBuildFile; fileRef = 78F2FCE62A267BC7006AF3BE /* Localizable.strings */; };
		78F2FCEB2A290387006AF3BE /* StatisticTableViewCell.swift in Sources */ = {isa = PBXBuildFile; fileRef = 78F2FCEA2A290387006AF3BE /* StatisticTableViewCell.swift */; };
		78FA52D82A1BCBCB00B0D17A /* UserDefaults+Ext.swift in Sources */ = {isa = PBXBuildFile; fileRef = 78FA52D72A1BCBCB00B0D17A /* UserDefaults+Ext.swift */; };
		9AC79607F76D379ADBACBB72 /* Pods_Tracker.framework in Frameworks */ = {isa = PBXBuildFile; fileRef = FCCAF17E388A0C56734E597A /* Pods_Tracker.framework */; };
/* End PBXBuildFile section */

/* Begin PBXFileReference section */
		780BF38529D0EA6F00A3CFA0 /* Tracker.app */ = {isa = PBXFileReference; explicitFileType = wrapper.application; includeInIndex = 0; path = Tracker.app; sourceTree = BUILT_PRODUCTS_DIR; };
		780BF38829D0EA6F00A3CFA0 /* AppDelegate.swift */ = {isa = PBXFileReference; lastKnownFileType = sourcecode.swift; path = AppDelegate.swift; sourceTree = "<group>"; };
		780BF38A29D0EA6F00A3CFA0 /* SceneDelegate.swift */ = {isa = PBXFileReference; lastKnownFileType = sourcecode.swift; path = SceneDelegate.swift; sourceTree = "<group>"; };
		780BF38C29D0EA6F00A3CFA0 /* TrackersViewController.swift */ = {isa = PBXFileReference; lastKnownFileType = sourcecode.swift; path = TrackersViewController.swift; sourceTree = "<group>"; };
		780BF39129D0EA7100A3CFA0 /* Assets.xcassets */ = {isa = PBXFileReference; lastKnownFileType = folder.assetcatalog; path = Assets.xcassets; sourceTree = "<group>"; };
		780BF39429D0EA7100A3CFA0 /* Base */ = {isa = PBXFileReference; lastKnownFileType = file.storyboard; name = Base; path = Base.lproj/LaunchScreen.storyboard; sourceTree = "<group>"; };
		780BF39629D0EA7100A3CFA0 /* Info.plist */ = {isa = PBXFileReference; lastKnownFileType = text.plist.xml; path = Info.plist; sourceTree = "<group>"; };
		784BCA7529E85BDD00D1A14E /* TrackerCoreDataModel.xcdatamodel */ = {isa = PBXFileReference; lastKnownFileType = wrapper.xcdatamodel; path = TrackerCoreDataModel.xcdatamodel; sourceTree = "<group>"; };
		7854D8E229F5A0C300CE6AE7 /* HabitCreationViewModel.swift */ = {isa = PBXFileReference; lastKnownFileType = sourcecode.swift; path = HabitCreationViewModel.swift; sourceTree = "<group>"; };
		7854D8E429F5A22D00CE6AE7 /* ScheduleViewModel.swift */ = {isa = PBXFileReference; lastKnownFileType = sourcecode.swift; path = ScheduleViewModel.swift; sourceTree = "<group>"; };
		7854D8E629F6EC3800CE6AE7 /* CategoriesDiffableDataSource.swift */ = {isa = PBXFileReference; lastKnownFileType = sourcecode.swift; path = CategoriesDiffableDataSource.swift; sourceTree = "<group>"; };
		7854D8E829F9973100CE6AE7 /* TrackersListViewModel.swift */ = {isa = PBXFileReference; lastKnownFileType = sourcecode.swift; path = TrackersListViewModel.swift; sourceTree = "<group>"; };
		7854D8EA29F99EFA00CE6AE7 /* TrackerListDiffableDataSource.swift */ = {isa = PBXFileReference; lastKnownFileType = sourcecode.swift; path = TrackerListDiffableDataSource.swift; sourceTree = "<group>"; };
		786BF13F29EC38EA009317E5 /* DataStore.swift */ = {isa = PBXFileReference; lastKnownFileType = sourcecode.swift; path = DataStore.swift; sourceTree = "<group>"; };
		786BF14129EC41F4009317E5 /* Context.swift */ = {isa = PBXFileReference; lastKnownFileType = sourcecode.swift; path = Context.swift; sourceTree = "<group>"; };
		786BF14B29EF01B8009317E5 /* CategoryCreateViewController.swift */ = {isa = PBXFileReference; lastKnownFileType = sourcecode.swift; path = CategoryCreateViewController.swift; sourceTree = "<group>"; };
		786BF15029F1B520009317E5 /* OnboardingViewController.swift */ = {isa = PBXFileReference; lastKnownFileType = sourcecode.swift; path = OnboardingViewController.swift; sourceTree = "<group>"; };
		786BF15229F1B5F4009317E5 /* OnboardingPageViewController.swift */ = {isa = PBXFileReference; lastKnownFileType = sourcecode.swift; path = OnboardingPageViewController.swift; sourceTree = "<group>"; };
		786BF15529F42189009317E5 /* CategorySelectViewModel.swift */ = {isa = PBXFileReference; lastKnownFileType = sourcecode.swift; path = CategorySelectViewModel.swift; sourceTree = "<group>"; };
		786BF15729F42CA6009317E5 /* ObservableWrapper.swift */ = {isa = PBXFileReference; lastKnownFileType = sourcecode.swift; path = ObservableWrapper.swift; sourceTree = "<group>"; };
		786BF15929F459C1009317E5 /* CategoryCreateViewModel.swift */ = {isa = PBXFileReference; lastKnownFileType = sourcecode.swift; path = CategoryCreateViewModel.swift; sourceTree = "<group>"; };
		78A706CC29D9889C00932908 /* HabitCreationCoordinator.swift */ = {isa = PBXFileReference; lastKnownFileType = sourcecode.swift; path = HabitCreationCoordinator.swift; sourceTree = "<group>"; };
		78A706CE29D98B7900932908 /* EventCreationCoordinator.swift */ = {isa = PBXFileReference; lastKnownFileType = sourcecode.swift; path = EventCreationCoordinator.swift; sourceTree = "<group>"; };
		78A706D329D9D9EE00932908 /* CategorySelectViewController.swift */ = {isa = PBXFileReference; lastKnownFileType = sourcecode.swift; path = CategorySelectViewController.swift; sourceTree = "<group>"; };
		78A706D529D9DACE00932908 /* CategoryCoordinator.swift */ = {isa = PBXFileReference; lastKnownFileType = sourcecode.swift; path = CategoryCoordinator.swift; sourceTree = "<group>"; };
		78A706D729DA082C00932908 /* EmojiModel.swift */ = {isa = PBXFileReference; lastKnownFileType = sourcecode.swift; path = EmojiModel.swift; sourceTree = "<group>"; };
		78A706D929DA0A5800932908 /* Colors.swift */ = {isa = PBXFileReference; lastKnownFileType = sourcecode.swift; path = Colors.swift; sourceTree = "<group>"; };
		78A706DB29DB2AC100932908 /* TrackerCreationTableModel.swift */ = {isa = PBXFileReference; lastKnownFileType = sourcecode.swift; path = TrackerCreationTableModel.swift; sourceTree = "<group>"; };
		78A7070529DDC95000932908 /* TrackerCollectionFooter.swift */ = {isa = PBXFileReference; lastKnownFileType = sourcecode.swift; path = TrackerCollectionFooter.swift; sourceTree = "<group>"; };
		78AA538729D1FC0E0063EB84 /* MainTabBarController.swift */ = {isa = PBXFileReference; lastKnownFileType = sourcecode.swift; path = MainTabBarController.swift; sourceTree = "<group>"; };
		78AA538929D1FD320063EB84 /* UIColor + Ext.swift */ = {isa = PBXFileReference; lastKnownFileType = sourcecode.swift; path = "UIColor + Ext.swift"; sourceTree = "<group>"; };
		78AA538D29D2028D0063EB84 /* StatisticsViewController.swift */ = {isa = PBXFileReference; lastKnownFileType = sourcecode.swift; path = StatisticsViewController.swift; sourceTree = "<group>"; };
		78AA539429D353760063EB84 /* BaseViewController.swift */ = {isa = PBXFileReference; lastKnownFileType = sourcecode.swift; path = BaseViewController.swift; sourceTree = "<group>"; };
		78AA539629D353990063EB84 /* BaseButton.swift */ = {isa = PBXFileReference; lastKnownFileType = sourcecode.swift; path = BaseButton.swift; sourceTree = "<group>"; };
		78AA539829D3579B0063EB84 /* ContentPlaceholder.swift */ = {isa = PBXFileReference; lastKnownFileType = sourcecode.swift; path = ContentPlaceholder.swift; sourceTree = "<group>"; };
		78AA539B29D361660063EB84 /* TrackerCollectionViewCell.swift */ = {isa = PBXFileReference; lastKnownFileType = sourcecode.swift; path = TrackerCollectionViewCell.swift; sourceTree = "<group>"; };
		78AA539E29D5FBD30063EB84 /* TrackerSelectViewController.swift */ = {isa = PBXFileReference; lastKnownFileType = sourcecode.swift; path = TrackerSelectViewController.swift; sourceTree = "<group>"; };
		78AA53A129D6100A0063EB84 /* HabitCreationViewController.swift */ = {isa = PBXFileReference; lastKnownFileType = sourcecode.swift; path = HabitCreationViewController.swift; sourceTree = "<group>"; };
		78AA53A529D611C50063EB84 /* EmojiCollectionViewCell.swift */ = {isa = PBXFileReference; lastKnownFileType = sourcecode.swift; path = EmojiCollectionViewCell.swift; sourceTree = "<group>"; };
		78AA53A729D735FE0063EB84 /* BaseTextField.swift */ = {isa = PBXFileReference; lastKnownFileType = sourcecode.swift; path = BaseTextField.swift; sourceTree = "<group>"; };
		78AA53AC29D75FC10063EB84 /* HabitCollectionHeaderView.swift */ = {isa = PBXFileReference; lastKnownFileType = sourcecode.swift; path = HabitCollectionHeaderView.swift; sourceTree = "<group>"; };
		78AA53AE29D768E60063EB84 /* ColorCollectionViewCell.swift */ = {isa = PBXFileReference; lastKnownFileType = sourcecode.swift; path = ColorCollectionViewCell.swift; sourceTree = "<group>"; };
		78AA53B229D80A9E0063EB84 /* Tracker.swift */ = {isa = PBXFileReference; lastKnownFileType = sourcecode.swift; path = Tracker.swift; sourceTree = "<group>"; };
		78AA53B429D80B070063EB84 /* TrackerCategory.swift */ = {isa = PBXFileReference; lastKnownFileType = sourcecode.swift; path = TrackerCategory.swift; sourceTree = "<group>"; };
		78AA53B629D80B120063EB84 /* TrackerRecord.swift */ = {isa = PBXFileReference; lastKnownFileType = sourcecode.swift; path = TrackerRecord.swift; sourceTree = "<group>"; };
		78AA53B929D814740063EB84 /* TrackersCollectionHeaderView.swift */ = {isa = PBXFileReference; lastKnownFileType = sourcecode.swift; path = TrackersCollectionHeaderView.swift; sourceTree = "<group>"; };
		78AA53BB29D8212F0063EB84 /* Date + Ext.swift */ = {isa = PBXFileReference; lastKnownFileType = sourcecode.swift; path = "Date + Ext.swift"; sourceTree = "<group>"; };
		78AA53BD29D84E410063EB84 /* ScheduleViewController.swift */ = {isa = PBXFileReference; lastKnownFileType = sourcecode.swift; path = ScheduleViewController.swift; sourceTree = "<group>"; };
		78AA53BF29D862890063EB84 /* DaysOfWeek.swift */ = {isa = PBXFileReference; lastKnownFileType = sourcecode.swift; path = DaysOfWeek.swift; sourceTree = "<group>"; };
		78AA53C429D894800063EB84 /* ModulesFactory.swift */ = {isa = PBXFileReference; lastKnownFileType = sourcecode.swift; path = ModulesFactory.swift; sourceTree = "<group>"; };
		78AA53C629D894980063EB84 /* UIViewController + Ext.swift */ = {isa = PBXFileReference; lastKnownFileType = sourcecode.swift; path = "UIViewController + Ext.swift"; sourceTree = "<group>"; };
		78AA53CD29D8A11B0063EB84 /* Router.swift */ = {isa = PBXFileReference; lastKnownFileType = sourcecode.swift; path = Router.swift; sourceTree = "<group>"; };
		78AA53CF29D8A2100063EB84 /* BaseCoordinator.swift */ = {isa = PBXFileReference; lastKnownFileType = sourcecode.swift; path = BaseCoordinator.swift; sourceTree = "<group>"; };
		78AA53D129D8A2340063EB84 /* CoordinatorFactory.swift */ = {isa = PBXFileReference; lastKnownFileType = sourcecode.swift; path = CoordinatorFactory.swift; sourceTree = "<group>"; };
		78AA53D329D8A3730063EB84 /* AppCoordinator.swift */ = {isa = PBXFileReference; lastKnownFileType = sourcecode.swift; path = AppCoordinator.swift; sourceTree = "<group>"; };
		78AA53D529D8A56B0063EB84 /* StatisticsFlowCoordinator.swift */ = {isa = PBXFileReference; lastKnownFileType = sourcecode.swift; path = StatisticsFlowCoordinator.swift; sourceTree = "<group>"; };
		78AA53DA29D8A6D40063EB84 /* TrackerCoordinator.swift */ = {isa = PBXFileReference; lastKnownFileType = sourcecode.swift; path = TrackerCoordinator.swift; sourceTree = "<group>"; };
		78C2689729E88BC700E8B6EC /* TrackerManagedObject.swift */ = {isa = PBXFileReference; lastKnownFileType = sourcecode.swift; path = TrackerManagedObject.swift; sourceTree = "<group>"; };
		78C2689929E8924600E8B6EC /* TrackerRecordManagedObject.swift */ = {isa = PBXFileReference; lastKnownFileType = sourcecode.swift; path = TrackerRecordManagedObject.swift; sourceTree = "<group>"; };
		78C2689D29E9BD5900E8B6EC /* TrackerCategoryManagedObject.swift */ = {isa = PBXFileReference; lastKnownFileType = sourcecode.swift; path = TrackerCategoryManagedObject.swift; sourceTree = "<group>"; };
		78F2FCAB2A1BE028006AF3BE /* swiftgen.yml */ = {isa = PBXFileReference; fileEncoding = 4; lastKnownFileType = text.yaml; path = swiftgen.yml; sourceTree = "<group>"; };
		78F2FCB02A1BE447006AF3BE /* XCAssets+Generated.swift */ = {isa = PBXFileReference; fileEncoding = 4; lastKnownFileType = sourcecode.swift; path = "XCAssets+Generated.swift"; sourceTree = "<group>"; };
		78F2FCBC2A1BF1F0006AF3BE /* en */ = {isa = PBXFileReference; lastKnownFileType = text.plist.stringsdict; name = en; path = en.lproj/Localizable.stringsdict; sourceTree = "<group>"; };
		78F2FCBE2A1BF1F2006AF3BE /* ar */ = {isa = PBXFileReference; lastKnownFileType = text.plist.stringsdict; name = ar; path = ar.lproj/Localizable.stringsdict; sourceTree = "<group>"; };
		78F2FCBF2A1BF1F3006AF3BE /* ru */ = {isa = PBXFileReference; lastKnownFileType = text.plist.stringsdict; name = ru; path = ru.lproj/Localizable.stringsdict; sourceTree = "<group>"; };
		78F2FCC32A1D3DB6006AF3BE /* en */ = {isa = PBXFileReference; lastKnownFileType = text.plist.strings; name = en; path = en.lproj/InfoPlist.strings; sourceTree = "<group>"; };
		78F2FCC52A1D3DB7006AF3BE /* ar */ = {isa = PBXFileReference; lastKnownFileType = text.plist.strings; name = ar; path = ar.lproj/InfoPlist.strings; sourceTree = "<group>"; };
		78F2FCC62A1D3DB8006AF3BE /* ru */ = {isa = PBXFileReference; lastKnownFileType = text.plist.strings; name = ru; path = ru.lproj/InfoPlist.strings; sourceTree = "<group>"; };
		78F2FCCA2A23535B006AF3BE /* DefaultsStorageService.swift */ = {isa = PBXFileReference; lastKnownFileType = sourcecode.swift; path = DefaultsStorageService.swift; sourceTree = "<group>"; };
		78F2FCD12A2664DA006AF3BE /* AlertModel.swift */ = {isa = PBXFileReference; lastKnownFileType = sourcecode.swift; path = AlertModel.swift; sourceTree = "<group>"; };
		78F2FCE52A267BC7006AF3BE /* en */ = {isa = PBXFileReference; lastKnownFileType = text.plist.strings; name = en; path = en.lproj/Localizable.strings; sourceTree = "<group>"; };
		78F2FCE72A267BCC006AF3BE /* ar */ = {isa = PBXFileReference; lastKnownFileType = text.plist.strings; name = ar; path = ar.lproj/Localizable.strings; sourceTree = "<group>"; };
		78F2FCE82A267BCD006AF3BE /* ru */ = {isa = PBXFileReference; lastKnownFileType = text.plist.strings; name = ru; path = ru.lproj/Localizable.strings; sourceTree = "<group>"; };
		78F2FCEA2A290387006AF3BE /* StatisticTableViewCell.swift */ = {isa = PBXFileReference; lastKnownFileType = sourcecode.swift; path = StatisticTableViewCell.swift; sourceTree = "<group>"; };
		78FA52D72A1BCBCB00B0D17A /* UserDefaults+Ext.swift */ = {isa = PBXFileReference; lastKnownFileType = sourcecode.swift; path = "UserDefaults+Ext.swift"; sourceTree = "<group>"; };
		B824B7C24D27EBA6C253F24A /* Pods-Tracker.release.xcconfig */ = {isa = PBXFileReference; includeInIndex = 1; lastKnownFileType = text.xcconfig; name = "Pods-Tracker.release.xcconfig"; path = "Target Support Files/Pods-Tracker/Pods-Tracker.release.xcconfig"; sourceTree = "<group>"; };
		E21800AF72F71F5F6152929D /* Pods-Tracker.debug.xcconfig */ = {isa = PBXFileReference; includeInIndex = 1; lastKnownFileType = text.xcconfig; name = "Pods-Tracker.debug.xcconfig"; path = "Target Support Files/Pods-Tracker/Pods-Tracker.debug.xcconfig"; sourceTree = "<group>"; };
		FCCAF17E388A0C56734E597A /* Pods_Tracker.framework */ = {isa = PBXFileReference; explicitFileType = wrapper.framework; includeInIndex = 0; path = Pods_Tracker.framework; sourceTree = BUILT_PRODUCTS_DIR; };
/* End PBXFileReference section */

/* Begin PBXFrameworksBuildPhase section */
		780BF38229D0EA6E00A3CFA0 /* Frameworks */ = {
			isa = PBXFrameworksBuildPhase;
			buildActionMask = 2147483647;
			files = (
				780BF39E29D0EADB00A3CFA0 /* SnapKit in Frameworks */,
				9AC79607F76D379ADBACBB72 /* Pods_Tracker.framework in Frameworks */,
			);
			runOnlyForDeploymentPostprocessing = 0;
		};
/* End PBXFrameworksBuildPhase section */

/* Begin PBXGroup section */
		780BF37C29D0EA6E00A3CFA0 = {
			isa = PBXGroup;
			children = (
				78F2FCAB2A1BE028006AF3BE /* swiftgen.yml */,
				780BF38729D0EA6F00A3CFA0 /* Tracker */,
				780BF38629D0EA6F00A3CFA0 /* Products */,
				E1DDE496218AD67ABB203963 /* Pods */,
				AAF5142B53F7AC17091BCF81 /* Frameworks */,
			);
			sourceTree = "<group>";
		};
		780BF38629D0EA6F00A3CFA0 /* Products */ = {
			isa = PBXGroup;
			children = (
				780BF38529D0EA6F00A3CFA0 /* Tracker.app */,
			);
			name = Products;
			sourceTree = "<group>";
		};
		780BF38729D0EA6F00A3CFA0 /* Tracker */ = {
			isa = PBXGroup;
			children = (
				78AA53C329D8945E0063EB84 /* App */,
				78AA53C229D894500063EB84 /* AppBasic */,
				78AA538629D1FAA50063EB84 /* Presentation */,
				786BF14329ED6B5C009317E5 /* CoreData */,
				78AA53B029D80A760063EB84 /* Models */,
				78AA538B29D1FD390063EB84 /* Helpers */,
				78AA538F29D202F30063EB84 /* Resource */,
				780BF39629D0EA7100A3CFA0 /* Info.plist */,
			);
			path = Tracker;
			sourceTree = "<group>";
		};
		784BCA7729E85DAD00D1A14E /* DataProvider */ = {
			isa = PBXGroup;
			children = (
				786BF13F29EC38EA009317E5 /* DataStore.swift */,
				786BF14129EC41F4009317E5 /* Context.swift */,
			);
			path = DataProvider;
			sourceTree = "<group>";
		};
		786BF13A29EC145B009317E5 /* ManagedObjects */ = {
			isa = PBXGroup;
			children = (
				78C2689D29E9BD5900E8B6EC /* TrackerCategoryManagedObject.swift */,
				78C2689729E88BC700E8B6EC /* TrackerManagedObject.swift */,
				78C2689929E8924600E8B6EC /* TrackerRecordManagedObject.swift */,
			);
			path = ManagedObjects;
			sourceTree = "<group>";
		};
		786BF14329ED6B5C009317E5 /* CoreData */ = {
			isa = PBXGroup;
			children = (
				786BF13A29EC145B009317E5 /* ManagedObjects */,
				784BCA7729E85DAD00D1A14E /* DataProvider */,
			);
			path = CoreData;
			sourceTree = "<group>";
		};
		786BF14F29F1B4E3009317E5 /* OnboardingModule */ = {
			isa = PBXGroup;
			children = (
				786BF15229F1B5F4009317E5 /* OnboardingPageViewController.swift */,
				786BF15029F1B520009317E5 /* OnboardingViewController.swift */,
			);
			path = OnboardingModule;
			sourceTree = "<group>";
		};
		786BF15429F42132009317E5 /* CategoryCreateModule */ = {
			isa = PBXGroup;
			children = (
				786BF14B29EF01B8009317E5 /* CategoryCreateViewController.swift */,
				786BF15929F459C1009317E5 /* CategoryCreateViewModel.swift */,
			);
			path = CategoryCreateModule;
			sourceTree = "<group>";
		};
		78A706D029D9D90D00932908 /* CategoryFlow */ = {
			isa = PBXGroup;
			children = (
				78A706D529D9DACE00932908 /* CategoryCoordinator.swift */,
				78A706D129D9D99900932908 /* CategorySelectModule */,
				786BF15429F42132009317E5 /* CategoryCreateModule */,
				78A706D229D9D9B600932908 /* CategoryEditModule */,
			);
			path = CategoryFlow;
			sourceTree = "<group>";
		};
		78A706D129D9D99900932908 /* CategorySelectModule */ = {
			isa = PBXGroup;
			children = (
				78A706D329D9D9EE00932908 /* CategorySelectViewController.swift */,
				786BF15529F42189009317E5 /* CategorySelectViewModel.swift */,
				7854D8E629F6EC3800CE6AE7 /* CategoriesDiffableDataSource.swift */,
			);
			path = CategorySelectModule;
			sourceTree = "<group>";
		};
		78A706D229D9D9B600932908 /* CategoryEditModule */ = {
			isa = PBXGroup;
			children = (
			);
			path = CategoryEditModule;
			sourceTree = "<group>";
		};
		78AA538629D1FAA50063EB84 /* Presentation */ = {
			isa = PBXGroup;
			children = (
				78AA539A29D358F00063EB84 /* BasePresentation */,
				786BF14F29F1B4E3009317E5 /* OnboardingModule */,
				78AA539029D205A90063EB84 /* TrackersFlow */,
				78AA539129D205B40063EB84 /* StatisticsFlow */,
			);
			path = Presentation;
			sourceTree = "<group>";
		};
		78AA538B29D1FD390063EB84 /* Helpers */ = {
			isa = PBXGroup;
			children = (
				78AA538C29D1FD450063EB84 /* UI */,
				78AA53BB29D8212F0063EB84 /* Date + Ext.swift */,
				786BF15729F42CA6009317E5 /* ObservableWrapper.swift */,
				78FA52D72A1BCBCB00B0D17A /* UserDefaults+Ext.swift */,
				78F2FCCA2A23535B006AF3BE /* DefaultsStorageService.swift */,
			);
			path = Helpers;
			sourceTree = "<group>";
		};
		78AA538C29D1FD450063EB84 /* UI */ = {
			isa = PBXGroup;
			children = (
				78AA538929D1FD320063EB84 /* UIColor + Ext.swift */,
				78AA53C629D894980063EB84 /* UIViewController + Ext.swift */,
			);
			path = UI;
			sourceTree = "<group>";
		};
		78AA538F29D202F30063EB84 /* Resource */ = {
			isa = PBXGroup;
			children = (
				78F2FCAD2A1BE2D2006AF3BE /* Generated */,
				78F2FCC42A1D3DB6006AF3BE /* InfoPlist.strings */,
				78F2FCBD2A1BF1F0006AF3BE /* Localizable.stringsdict */,
				784BCA7429E85BDD00D1A14E /* TrackerCoreDataModel.xcdatamodeld */,
				780BF39329D0EA7100A3CFA0 /* LaunchScreen.storyboard */,
				780BF39129D0EA7100A3CFA0 /* Assets.xcassets */,
				78F2FCE62A267BC7006AF3BE /* Localizable.strings */,
			);
			path = Resource;
			sourceTree = "<group>";
		};
		78AA539029D205A90063EB84 /* TrackersFlow */ = {
			isa = PBXGroup;
			children = (
				78AA53DA29D8A6D40063EB84 /* TrackerCoordinator.swift */,
				78AA53C129D891230063EB84 /* TrackersListModule */,
				78AA53A029D60F060063EB84 /* TrackerCreationFlow */,
				78AA53D729D8A6820063EB84 /* TrackerSelectModule */,
			);
			path = TrackersFlow;
			sourceTree = "<group>";
		};
		78AA539129D205B40063EB84 /* StatisticsFlow */ = {
			isa = PBXGroup;
			children = (
				78AA53D529D8A56B0063EB84 /* StatisticsFlowCoordinator.swift */,
				78AA53DC29D8CC0D0063EB84 /* StatisticsModule */,
			);
			path = StatisticsFlow;
			sourceTree = "<group>";
		};
		78AA539A29D358F00063EB84 /* BasePresentation */ = {
			isa = PBXGroup;
			children = (
				78AA538729D1FC0E0063EB84 /* MainTabBarController.swift */,
				78AA539429D353760063EB84 /* BaseViewController.swift */,
				78AA539629D353990063EB84 /* BaseButton.swift */,
				78AA539829D3579B0063EB84 /* ContentPlaceholder.swift */,
				78AA53A729D735FE0063EB84 /* BaseTextField.swift */,
			);
			path = BasePresentation;
			sourceTree = "<group>";
		};
		78AA539D29D361740063EB84 /* CollectionCells */ = {
			isa = PBXGroup;
			children = (
				78AA539B29D361660063EB84 /* TrackerCollectionViewCell.swift */,
			);
			path = CollectionCells;
			sourceTree = "<group>";
		};
		78AA53A029D60F060063EB84 /* TrackerCreationFlow */ = {
			isa = PBXGroup;
			children = (
				78A706CC29D9889C00932908 /* HabitCreationCoordinator.swift */,
				78A706CE29D98B7900932908 /* EventCreationCoordinator.swift */,
				78AA53D929D8A6BC0063EB84 /* HabitModule */,
				78A706D029D9D90D00932908 /* CategoryFlow */,
				78AA53D829D8A6A60063EB84 /* ScheduleModule */,
			);
			path = TrackerCreationFlow;
			sourceTree = "<group>";
		};
		78AA53A329D611600063EB84 /* SupplyViews */ = {
			isa = PBXGroup;
			children = (
				78AA53AB29D75F9D0063EB84 /* SupplementaryViews */,
				78AA53A429D611700063EB84 /* CollectionCells */,
			);
			path = SupplyViews;
			sourceTree = "<group>";
		};
		78AA53A429D611700063EB84 /* CollectionCells */ = {
			isa = PBXGroup;
			children = (
				78AA53A529D611C50063EB84 /* EmojiCollectionViewCell.swift */,
				78AA53AE29D768E60063EB84 /* ColorCollectionViewCell.swift */,
			);
			path = CollectionCells;
			sourceTree = "<group>";
		};
		78AA53AB29D75F9D0063EB84 /* SupplementaryViews */ = {
			isa = PBXGroup;
			children = (
				78AA53AC29D75FC10063EB84 /* HabitCollectionHeaderView.swift */,
			);
			path = SupplementaryViews;
			sourceTree = "<group>";
		};
		78AA53B029D80A760063EB84 /* Models */ = {
			isa = PBXGroup;
			children = (
				78AA53B129D80A7E0063EB84 /* Trackers */,
				78AA53BF29D862890063EB84 /* DaysOfWeek.swift */,
				78A706D729DA082C00932908 /* EmojiModel.swift */,
				78A706D929DA0A5800932908 /* Colors.swift */,
				78A706DB29DB2AC100932908 /* TrackerCreationTableModel.swift */,
				78F2FCD12A2664DA006AF3BE /* AlertModel.swift */,
			);
			path = Models;
			sourceTree = "<group>";
		};
		78AA53B129D80A7E0063EB84 /* Trackers */ = {
			isa = PBXGroup;
			children = (
				78AA53B229D80A9E0063EB84 /* Tracker.swift */,
				78AA53B429D80B070063EB84 /* TrackerCategory.swift */,
				78AA53B629D80B120063EB84 /* TrackerRecord.swift */,
			);
			path = Trackers;
			sourceTree = "<group>";
		};
		78AA53B829D814310063EB84 /* SupplementaryViews */ = {
			isa = PBXGroup;
			children = (
				78AA53B929D814740063EB84 /* TrackersCollectionHeaderView.swift */,
				78A7070529DDC95000932908 /* TrackerCollectionFooter.swift */,
			);
			path = SupplementaryViews;
			sourceTree = "<group>";
		};
		78AA53C129D891230063EB84 /* TrackersListModule */ = {
			isa = PBXGroup;
			children = (
				780BF38C29D0EA6F00A3CFA0 /* TrackersViewController.swift */,
				7854D8E829F9973100CE6AE7 /* TrackersListViewModel.swift */,
				7854D8EA29F99EFA00CE6AE7 /* TrackerListDiffableDataSource.swift */,
				78AA539D29D361740063EB84 /* CollectionCells */,
				78AA53B829D814310063EB84 /* SupplementaryViews */,
			);
			path = TrackersListModule;
			sourceTree = "<group>";
		};
		78AA53C229D894500063EB84 /* AppBasic */ = {
			isa = PBXGroup;
			children = (
				78AA53CF29D8A2100063EB84 /* BaseCoordinator.swift */,
				78AA53D129D8A2340063EB84 /* CoordinatorFactory.swift */,
				78AA53D329D8A3730063EB84 /* AppCoordinator.swift */,
				78AA53C429D894800063EB84 /* ModulesFactory.swift */,
				78AA53CD29D8A11B0063EB84 /* Router.swift */,
			);
			path = AppBasic;
			sourceTree = "<group>";
		};
		78AA53C329D8945E0063EB84 /* App */ = {
			isa = PBXGroup;
			children = (
				780BF38829D0EA6F00A3CFA0 /* AppDelegate.swift */,
				780BF38A29D0EA6F00A3CFA0 /* SceneDelegate.swift */,
			);
			path = App;
			sourceTree = "<group>";
		};
		78AA53D729D8A6820063EB84 /* TrackerSelectModule */ = {
			isa = PBXGroup;
			children = (
				78AA539E29D5FBD30063EB84 /* TrackerSelectViewController.swift */,
			);
			path = TrackerSelectModule;
			sourceTree = "<group>";
		};
		78AA53D829D8A6A60063EB84 /* ScheduleModule */ = {
			isa = PBXGroup;
			children = (
				78AA53BD29D84E410063EB84 /* ScheduleViewController.swift */,
				7854D8E429F5A22D00CE6AE7 /* ScheduleViewModel.swift */,
			);
			path = ScheduleModule;
			sourceTree = "<group>";
		};
		78AA53D929D8A6BC0063EB84 /* HabitModule */ = {
			isa = PBXGroup;
			children = (
				78AA53A129D6100A0063EB84 /* HabitCreationViewController.swift */,
				7854D8E229F5A0C300CE6AE7 /* HabitCreationViewModel.swift */,
				78AA53A329D611600063EB84 /* SupplyViews */,
			);
			path = HabitModule;
			sourceTree = "<group>";
		};
		78AA53DC29D8CC0D0063EB84 /* StatisticsModule */ = {
			isa = PBXGroup;
			children = (
				78F2FCE92A290334006AF3BE /* TableCell */,
				78AA538D29D2028D0063EB84 /* StatisticsViewController.swift */,
			);
			path = StatisticsModule;
			sourceTree = "<group>";
		};
		78F2FCAD2A1BE2D2006AF3BE /* Generated */ = {
			isa = PBXGroup;
			children = (
				78F2FCB02A1BE447006AF3BE /* XCAssets+Generated.swift */,
			);
			path = Generated;
			sourceTree = "<group>";
		};
		78F2FCE92A290334006AF3BE /* TableCell */ = {
			isa = PBXGroup;
			children = (
				78F2FCEA2A290387006AF3BE /* StatisticTableViewCell.swift */,
			);
			path = TableCell;
			sourceTree = "<group>";
		};
		AAF5142B53F7AC17091BCF81 /* Frameworks */ = {
			isa = PBXGroup;
			children = (
				FCCAF17E388A0C56734E597A /* Pods_Tracker.framework */,
			);
			name = Frameworks;
			sourceTree = "<group>";
		};
		E1DDE496218AD67ABB203963 /* Pods */ = {
			isa = PBXGroup;
			children = (
				E21800AF72F71F5F6152929D /* Pods-Tracker.debug.xcconfig */,
				B824B7C24D27EBA6C253F24A /* Pods-Tracker.release.xcconfig */,
			);
			path = Pods;
			sourceTree = "<group>";
		};
/* End PBXGroup section */

/* Begin PBXNativeTarget section */
		780BF38429D0EA6E00A3CFA0 /* Tracker */ = {
			isa = PBXNativeTarget;
			buildConfigurationList = 780BF39929D0EA7100A3CFA0 /* Build configuration list for PBXNativeTarget "Tracker" */;
			buildPhases = (
				5121FFEF1D57F6F149E38867 /* [CP] Check Pods Manifest.lock */,
				78F2FCA82A1BDCF8006AF3BE /* SwiftGen */,
				780BF38129D0EA6E00A3CFA0 /* Sources */,
				780BF38229D0EA6E00A3CFA0 /* Frameworks */,
				780BF38329D0EA6E00A3CFA0 /* Resources */,
				786BF14A29ED766B009317E5 /* SwiftLint */,
			);
			buildRules = (
			);
			dependencies = (
			);
			name = Tracker;
			packageProductDependencies = (
				780BF39D29D0EADB00A3CFA0 /* SnapKit */,
			);
			productName = Tracker;
			productReference = 780BF38529D0EA6F00A3CFA0 /* Tracker.app */;
			productType = "com.apple.product-type.application";
		};
/* End PBXNativeTarget section */

/* Begin PBXProject section */
		780BF37D29D0EA6E00A3CFA0 /* Project object */ = {
			isa = PBXProject;
			attributes = {
				BuildIndependentTargetsInParallel = 1;
				LastSwiftUpdateCheck = 1420;
				LastUpgradeCheck = 1420;
				TargetAttributes = {
					780BF38429D0EA6E00A3CFA0 = {
						CreatedOnToolsVersion = 14.2;
					};
				};
			};
			buildConfigurationList = 780BF38029D0EA6E00A3CFA0 /* Build configuration list for PBXProject "Tracker" */;
			compatibilityVersion = "Xcode 13.0";
			developmentRegion = en;
			hasScannedForEncodings = 0;
			knownRegions = (
				en,
				Base,
				ru,
				ar,
			);
			mainGroup = 780BF37C29D0EA6E00A3CFA0;
			packageReferences = (
				780BF39C29D0EADB00A3CFA0 /* XCRemoteSwiftPackageReference "SnapKit" */,
			);
			productRefGroup = 780BF38629D0EA6F00A3CFA0 /* Products */;
			projectDirPath = "";
			projectRoot = "";
			targets = (
				780BF38429D0EA6E00A3CFA0 /* Tracker */,
			);
		};
/* End PBXProject section */

/* Begin PBXResourcesBuildPhase section */
		780BF38329D0EA6E00A3CFA0 /* Resources */ = {
			isa = PBXResourcesBuildPhase;
			buildActionMask = 2147483647;
			files = (
				780BF39529D0EA7100A3CFA0 /* LaunchScreen.storyboard in Resources */,
				78F2FCE42A267BC7006AF3BE /* Localizable.strings in Resources */,
				78F2FCC22A1D3DB6006AF3BE /* InfoPlist.strings in Resources */,
				780BF39229D0EA7100A3CFA0 /* Assets.xcassets in Resources */,
				78F2FCBB2A1BF1F0006AF3BE /* Localizable.stringsdict in Resources */,
				78F2FCAC2A1BE028006AF3BE /* swiftgen.yml in Resources */,
			);
			runOnlyForDeploymentPostprocessing = 0;
		};
/* End PBXResourcesBuildPhase section */

/* Begin PBXShellScriptBuildPhase section */
		5121FFEF1D57F6F149E38867 /* [CP] Check Pods Manifest.lock */ = {
			isa = PBXShellScriptBuildPhase;
			buildActionMask = 2147483647;
			files = (
			);
			inputFileListPaths = (
			);
			inputPaths = (
				"${PODS_PODFILE_DIR_PATH}/Podfile.lock",
				"${PODS_ROOT}/Manifest.lock",
			);
			name = "[CP] Check Pods Manifest.lock";
			outputFileListPaths = (
			);
			outputPaths = (
				"$(DERIVED_FILE_DIR)/Pods-Tracker-checkManifestLockResult.txt",
			);
			runOnlyForDeploymentPostprocessing = 0;
			shellPath = /bin/sh;
			shellScript = "diff \"${PODS_PODFILE_DIR_PATH}/Podfile.lock\" \"${PODS_ROOT}/Manifest.lock\" > /dev/null\nif [ $? != 0 ] ; then\n    # print error to STDERR\n    echo \"error: The sandbox is not in sync with the Podfile.lock. Run 'pod install' or update your CocoaPods installation.\" >&2\n    exit 1\nfi\n# This output is used by Xcode 'outputs' to avoid re-running this script phase.\necho \"SUCCESS\" > \"${SCRIPT_OUTPUT_FILE_0}\"\n";
			showEnvVarsInLog = 0;
		};
		786BF14A29ED766B009317E5 /* SwiftLint */ = {
			isa = PBXShellScriptBuildPhase;
			buildActionMask = 2147483647;
			files = (
			);
			inputFileListPaths = (
			);
			inputPaths = (
			);
			name = SwiftLint;
			outputFileListPaths = (
			);
			outputPaths = (
			);
			runOnlyForDeploymentPostprocessing = 0;
			shellPath = /bin/sh;
			shellScript = "if which swiftlint >/dev/null; then\n  swiftlint\nelse\n  echo \"warning: SwiftLint not installed, download from https://github.com/realm/SwiftLint\"\nfi\n";
		};
		78F2FCA82A1BDCF8006AF3BE /* SwiftGen */ = {
			isa = PBXShellScriptBuildPhase;
			buildActionMask = 2147483647;
			files = (
			);
			inputFileListPaths = (
			);
			inputPaths = (
			);
			name = SwiftGen;
			outputFileListPaths = (
			);
			outputPaths = (
			);
			runOnlyForDeploymentPostprocessing = 0;
			shellPath = /bin/sh;
			shellScript = "if [[ -f \"${PODS_ROOT}/SwiftGen/bin/swiftgen\" ]]; then\n  \"${PODS_ROOT}/SwiftGen/bin/swiftgen\"\nelse\n  echo \"warning: SwiftGen is not installed. Run 'pod install --repo-update' to install it.\"\nfi \n";
		};
/* End PBXShellScriptBuildPhase section */

/* Begin PBXSourcesBuildPhase section */
		780BF38129D0EA6E00A3CFA0 /* Sources */ = {
			isa = PBXSourcesBuildPhase;
			buildActionMask = 2147483647;
			files = (
				780BF38D29D0EA6F00A3CFA0 /* TrackersViewController.swift in Sources */,
				78AA53AD29D75FC10063EB84 /* HabitCollectionHeaderView.swift in Sources */,
				78AA53B329D80A9E0063EB84 /* Tracker.swift in Sources */,
				78AA53BE29D84E410063EB84 /* ScheduleViewController.swift in Sources */,
				786BF15829F42CA6009317E5 /* ObservableWrapper.swift in Sources */,
				78AA53D429D8A3730063EB84 /* AppCoordinator.swift in Sources */,
				784BCA7629E85BDD00D1A14E /* TrackerCoreDataModel.xcdatamodeld in Sources */,
				780BF38929D0EA6F00A3CFA0 /* AppDelegate.swift in Sources */,
				786BF14229EC41F4009317E5 /* Context.swift in Sources */,
				78A7070629DDC95000932908 /* TrackerCollectionFooter.swift in Sources */,
				78A706D829DA082C00932908 /* EmojiModel.swift in Sources */,
				78AA538A29D1FD320063EB84 /* UIColor + Ext.swift in Sources */,
				78AA53C729D894980063EB84 /* UIViewController + Ext.swift in Sources */,
				78AA538E29D2028D0063EB84 /* StatisticsViewController.swift in Sources */,
				7854D8EB29F99EFA00CE6AE7 /* TrackerListDiffableDataSource.swift in Sources */,
				786BF14029EC38EA009317E5 /* DataStore.swift in Sources */,
				7854D8E729F6EC3800CE6AE7 /* CategoriesDiffableDataSource.swift in Sources */,
				78AA53AF29D768E60063EB84 /* ColorCollectionViewCell.swift in Sources */,
				78AA539729D353990063EB84 /* BaseButton.swift in Sources */,
				78F2FCEB2A290387006AF3BE /* StatisticTableViewCell.swift in Sources */,
				78A706DC29DB2AC100932908 /* TrackerCreationTableModel.swift in Sources */,
				7854D8E329F5A0C300CE6AE7 /* HabitCreationViewModel.swift in Sources */,
				78AA53A229D6100A0063EB84 /* HabitCreationViewController.swift in Sources */,
				78AA53BA29D814740063EB84 /* TrackersCollectionHeaderView.swift in Sources */,
				78AA53A629D611C50063EB84 /* EmojiCollectionViewCell.swift in Sources */,
				786BF15629F42189009317E5 /* CategorySelectViewModel.swift in Sources */,
				78AA53D229D8A2340063EB84 /* CoordinatorFactory.swift in Sources */,
				78FA52D82A1BCBCB00B0D17A /* UserDefaults+Ext.swift in Sources */,
				78AA539C29D361660063EB84 /* TrackerCollectionViewCell.swift in Sources */,
				78F2FCD22A2664DA006AF3BE /* AlertModel.swift in Sources */,
				78AA538829D1FC0E0063EB84 /* MainTabBarController.swift in Sources */,
				78AA539529D353770063EB84 /* BaseViewController.swift in Sources */,
				7854D8E529F5A22D00CE6AE7 /* ScheduleViewModel.swift in Sources */,
				7854D8E929F9973100CE6AE7 /* TrackersListViewModel.swift in Sources */,
				78AA53D029D8A2100063EB84 /* BaseCoordinator.swift in Sources */,
				78F2FCCB2A23535B006AF3BE /* DefaultsStorageService.swift in Sources */,
				78C2689829E88BC700E8B6EC /* TrackerManagedObject.swift in Sources */,
				78AA53BC29D8212F0063EB84 /* Date + Ext.swift in Sources */,
				78F2FCB12A1BE447006AF3BE /* XCAssets+Generated.swift in Sources */,
				78AA53B529D80B070063EB84 /* TrackerCategory.swift in Sources */,
				786BF15A29F459C1009317E5 /* CategoryCreateViewModel.swift in Sources */,
				78A706DA29DA0A5800932908 /* Colors.swift in Sources */,
				78AA53D629D8A56B0063EB84 /* StatisticsFlowCoordinator.swift in Sources */,
				78A706D629D9DACE00932908 /* CategoryCoordinator.swift in Sources */,
				786BF15329F1B5F4009317E5 /* OnboardingPageViewController.swift in Sources */,
				78C2689A29E8924600E8B6EC /* TrackerRecordManagedObject.swift in Sources */,
				78AA539929D3579B0063EB84 /* ContentPlaceholder.swift in Sources */,
				78AA53CE29D8A11B0063EB84 /* Router.swift in Sources */,
				78AA53C529D894800063EB84 /* ModulesFactory.swift in Sources */,
				78A706CF29D98B7900932908 /* EventCreationCoordinator.swift in Sources */,
				786BF14C29EF01B8009317E5 /* CategoryCreateViewController.swift in Sources */,
				786BF15129F1B520009317E5 /* OnboardingViewController.swift in Sources */,
				78AA53DB29D8A6D40063EB84 /* TrackerCoordinator.swift in Sources */,
				78A706D429D9D9EE00932908 /* CategorySelectViewController.swift in Sources */,
				78AA53B729D80B120063EB84 /* TrackerRecord.swift in Sources */,
				78C2689E29E9BD5900E8B6EC /* TrackerCategoryManagedObject.swift in Sources */,
				78AA53A829D735FE0063EB84 /* BaseTextField.swift in Sources */,
				78A706CD29D9889C00932908 /* HabitCreationCoordinator.swift in Sources */,
				78AA53C029D862890063EB84 /* DaysOfWeek.swift in Sources */,
				78AA539F29D5FBD30063EB84 /* TrackerSelectViewController.swift in Sources */,
				780BF38B29D0EA6F00A3CFA0 /* SceneDelegate.swift in Sources */,
			);
			runOnlyForDeploymentPostprocessing = 0;
		};
/* End PBXSourcesBuildPhase section */

/* Begin PBXVariantGroup section */
		780BF39329D0EA7100A3CFA0 /* LaunchScreen.storyboard */ = {
			isa = PBXVariantGroup;
			children = (
				780BF39429D0EA7100A3CFA0 /* Base */,
			);
			name = LaunchScreen.storyboard;
			sourceTree = "<group>";
		};
		78F2FCBD2A1BF1F0006AF3BE /* Localizable.stringsdict */ = {
			isa = PBXVariantGroup;
			children = (
				78F2FCBC2A1BF1F0006AF3BE /* en */,
				78F2FCBE2A1BF1F2006AF3BE /* ar */,
				78F2FCBF2A1BF1F3006AF3BE /* ru */,
			);
			name = Localizable.stringsdict;
			sourceTree = "<group>";
		};
		78F2FCC42A1D3DB6006AF3BE /* InfoPlist.strings */ = {
			isa = PBXVariantGroup;
			children = (
				78F2FCC32A1D3DB6006AF3BE /* en */,
				78F2FCC52A1D3DB7006AF3BE /* ar */,
				78F2FCC62A1D3DB8006AF3BE /* ru */,
			);
			name = InfoPlist.strings;
			sourceTree = "<group>";
		};
		78F2FCE62A267BC7006AF3BE /* Localizable.strings */ = {
			isa = PBXVariantGroup;
			children = (
				78F2FCE52A267BC7006AF3BE /* en */,
				78F2FCE72A267BCC006AF3BE /* ar */,
				78F2FCE82A267BCD006AF3BE /* ru */,
			);
			name = Localizable.strings;
			sourceTree = "<group>";
		};
/* End PBXVariantGroup section */

/* Begin XCBuildConfiguration section */
		780BF39729D0EA7100A3CFA0 /* Debug */ = {
			isa = XCBuildConfiguration;
			buildSettings = {
				ALWAYS_SEARCH_USER_PATHS = NO;
				CLANG_ANALYZER_LOCALIZABILITY_NONLOCALIZED = YES;
				CLANG_ANALYZER_NONNULL = YES;
				CLANG_ANALYZER_NUMBER_OBJECT_CONVERSION = YES_AGGRESSIVE;
				CLANG_CXX_LANGUAGE_STANDARD = "gnu++20";
				CLANG_ENABLE_MODULES = YES;
				CLANG_ENABLE_OBJC_ARC = YES;
				CLANG_ENABLE_OBJC_WEAK = YES;
				CLANG_WARN_BLOCK_CAPTURE_AUTORELEASING = YES;
				CLANG_WARN_BOOL_CONVERSION = YES;
				CLANG_WARN_COMMA = YES;
				CLANG_WARN_CONSTANT_CONVERSION = YES;
				CLANG_WARN_DEPRECATED_OBJC_IMPLEMENTATIONS = YES;
				CLANG_WARN_DIRECT_OBJC_ISA_USAGE = YES_ERROR;
				CLANG_WARN_DOCUMENTATION_COMMENTS = YES;
				CLANG_WARN_EMPTY_BODY = YES;
				CLANG_WARN_ENUM_CONVERSION = YES;
				CLANG_WARN_INFINITE_RECURSION = YES;
				CLANG_WARN_INT_CONVERSION = YES;
				CLANG_WARN_NON_LITERAL_NULL_CONVERSION = YES;
				CLANG_WARN_OBJC_IMPLICIT_RETAIN_SELF = YES;
				CLANG_WARN_OBJC_LITERAL_CONVERSION = YES;
				CLANG_WARN_OBJC_ROOT_CLASS = YES_ERROR;
				CLANG_WARN_QUOTED_INCLUDE_IN_FRAMEWORK_HEADER = YES;
				CLANG_WARN_RANGE_LOOP_ANALYSIS = YES;
				CLANG_WARN_STRICT_PROTOTYPES = YES;
				CLANG_WARN_SUSPICIOUS_MOVE = YES;
				CLANG_WARN_UNGUARDED_AVAILABILITY = YES_AGGRESSIVE;
				CLANG_WARN_UNREACHABLE_CODE = YES;
				CLANG_WARN__DUPLICATE_METHOD_MATCH = YES;
				COPY_PHASE_STRIP = NO;
				DEBUG_INFORMATION_FORMAT = dwarf;
				ENABLE_STRICT_OBJC_MSGSEND = YES;
				ENABLE_TESTABILITY = YES;
				GCC_C_LANGUAGE_STANDARD = gnu11;
				GCC_DYNAMIC_NO_PIC = NO;
				GCC_NO_COMMON_BLOCKS = YES;
				GCC_OPTIMIZATION_LEVEL = 0;
				GCC_PREPROCESSOR_DEFINITIONS = (
					"DEBUG=1",
					"$(inherited)",
				);
				GCC_WARN_64_TO_32_BIT_CONVERSION = YES;
				GCC_WARN_ABOUT_RETURN_TYPE = YES_ERROR;
				GCC_WARN_UNDECLARED_SELECTOR = YES;
				GCC_WARN_UNINITIALIZED_AUTOS = YES_AGGRESSIVE;
				GCC_WARN_UNUSED_FUNCTION = YES;
				GCC_WARN_UNUSED_VARIABLE = YES;
				IPHONEOS_DEPLOYMENT_TARGET = 13.4;
				MTL_ENABLE_DEBUG_INFO = INCLUDE_SOURCE;
				MTL_FAST_MATH = YES;
				ONLY_ACTIVE_ARCH = YES;
				SDKROOT = iphoneos;
				SWIFT_ACTIVE_COMPILATION_CONDITIONS = DEBUG;
				SWIFT_OPTIMIZATION_LEVEL = "-Onone";
			};
			name = Debug;
		};
		780BF39829D0EA7100A3CFA0 /* Release */ = {
			isa = XCBuildConfiguration;
			buildSettings = {
				ALWAYS_SEARCH_USER_PATHS = NO;
				CLANG_ANALYZER_LOCALIZABILITY_NONLOCALIZED = YES;
				CLANG_ANALYZER_NONNULL = YES;
				CLANG_ANALYZER_NUMBER_OBJECT_CONVERSION = YES_AGGRESSIVE;
				CLANG_CXX_LANGUAGE_STANDARD = "gnu++20";
				CLANG_ENABLE_MODULES = YES;
				CLANG_ENABLE_OBJC_ARC = YES;
				CLANG_ENABLE_OBJC_WEAK = YES;
				CLANG_WARN_BLOCK_CAPTURE_AUTORELEASING = YES;
				CLANG_WARN_BOOL_CONVERSION = YES;
				CLANG_WARN_COMMA = YES;
				CLANG_WARN_CONSTANT_CONVERSION = YES;
				CLANG_WARN_DEPRECATED_OBJC_IMPLEMENTATIONS = YES;
				CLANG_WARN_DIRECT_OBJC_ISA_USAGE = YES_ERROR;
				CLANG_WARN_DOCUMENTATION_COMMENTS = YES;
				CLANG_WARN_EMPTY_BODY = YES;
				CLANG_WARN_ENUM_CONVERSION = YES;
				CLANG_WARN_INFINITE_RECURSION = YES;
				CLANG_WARN_INT_CONVERSION = YES;
				CLANG_WARN_NON_LITERAL_NULL_CONVERSION = YES;
				CLANG_WARN_OBJC_IMPLICIT_RETAIN_SELF = YES;
				CLANG_WARN_OBJC_LITERAL_CONVERSION = YES;
				CLANG_WARN_OBJC_ROOT_CLASS = YES_ERROR;
				CLANG_WARN_QUOTED_INCLUDE_IN_FRAMEWORK_HEADER = YES;
				CLANG_WARN_RANGE_LOOP_ANALYSIS = YES;
				CLANG_WARN_STRICT_PROTOTYPES = YES;
				CLANG_WARN_SUSPICIOUS_MOVE = YES;
				CLANG_WARN_UNGUARDED_AVAILABILITY = YES_AGGRESSIVE;
				CLANG_WARN_UNREACHABLE_CODE = YES;
				CLANG_WARN__DUPLICATE_METHOD_MATCH = YES;
				COPY_PHASE_STRIP = NO;
				DEBUG_INFORMATION_FORMAT = "dwarf-with-dsym";
				ENABLE_NS_ASSERTIONS = NO;
				ENABLE_STRICT_OBJC_MSGSEND = YES;
				GCC_C_LANGUAGE_STANDARD = gnu11;
				GCC_NO_COMMON_BLOCKS = YES;
				GCC_WARN_64_TO_32_BIT_CONVERSION = YES;
				GCC_WARN_ABOUT_RETURN_TYPE = YES_ERROR;
				GCC_WARN_UNDECLARED_SELECTOR = YES;
				GCC_WARN_UNINITIALIZED_AUTOS = YES_AGGRESSIVE;
				GCC_WARN_UNUSED_FUNCTION = YES;
				GCC_WARN_UNUSED_VARIABLE = YES;
				IPHONEOS_DEPLOYMENT_TARGET = 13.4;
				MTL_ENABLE_DEBUG_INFO = NO;
				MTL_FAST_MATH = YES;
				SDKROOT = iphoneos;
				SWIFT_COMPILATION_MODE = wholemodule;
				SWIFT_OPTIMIZATION_LEVEL = "-O";
				VALIDATE_PRODUCT = YES;
			};
			name = Release;
		};
		780BF39A29D0EA7100A3CFA0 /* Debug */ = {
			isa = XCBuildConfiguration;
			baseConfigurationReference = E21800AF72F71F5F6152929D /* Pods-Tracker.debug.xcconfig */;
			buildSettings = {
				ASSETCATALOG_COMPILER_APPICON_NAME = AppIcon;
				ASSETCATALOG_COMPILER_GLOBAL_ACCENT_COLOR_NAME = AccentColor;
				CODE_SIGN_STYLE = Automatic;
				CURRENT_PROJECT_VERSION = 1;
				DEVELOPMENT_TEAM = 7D6AC7H6S4;
				GENERATE_INFOPLIST_FILE = YES;
				INFOPLIST_FILE = Tracker/Info.plist;
				INFOPLIST_KEY_UIApplicationSupportsIndirectInputEvents = YES;
				INFOPLIST_KEY_UILaunchStoryboardName = LaunchScreen;
				INFOPLIST_KEY_UISupportedInterfaceOrientations = UIInterfaceOrientationPortrait;
				INFOPLIST_KEY_UISupportedInterfaceOrientations_iPad = "UIInterfaceOrientationLandscapeLeft UIInterfaceOrientationLandscapeRight UIInterfaceOrientationPortrait UIInterfaceOrientationPortraitUpsideDown";
				IPHONEOS_DEPLOYMENT_TARGET = 13.4;
				LD_RUNPATH_SEARCH_PATHS = (
					"$(inherited)",
					"@executable_path/Frameworks",
				);
				MARKETING_VERSION = 1.0;
				PRODUCT_BUNDLE_IDENTIFIER = com.deviantStudio.ImageFlow.Tracker;
				PRODUCT_NAME = "$(TARGET_NAME)";
				SUPPORTED_PLATFORMS = "iphoneos iphonesimulator";
				SUPPORTS_MACCATALYST = NO;
				SUPPORTS_MAC_DESIGNED_FOR_IPHONE_IPAD = NO;
				SWIFT_EMIT_LOC_STRINGS = YES;
				SWIFT_VERSION = 5.0;
				TARGETED_DEVICE_FAMILY = 1;
			};
			name = Debug;
		};
		780BF39B29D0EA7100A3CFA0 /* Release */ = {
			isa = XCBuildConfiguration;
			baseConfigurationReference = B824B7C24D27EBA6C253F24A /* Pods-Tracker.release.xcconfig */;
			buildSettings = {
				ASSETCATALOG_COMPILER_APPICON_NAME = AppIcon;
				ASSETCATALOG_COMPILER_GLOBAL_ACCENT_COLOR_NAME = AccentColor;
				CODE_SIGN_STYLE = Automatic;
				CURRENT_PROJECT_VERSION = 1;
				DEVELOPMENT_TEAM = 7D6AC7H6S4;
				GENERATE_INFOPLIST_FILE = YES;
				INFOPLIST_FILE = Tracker/Info.plist;
				INFOPLIST_KEY_UIApplicationSupportsIndirectInputEvents = YES;
				INFOPLIST_KEY_UILaunchStoryboardName = LaunchScreen;
				INFOPLIST_KEY_UISupportedInterfaceOrientations = UIInterfaceOrientationPortrait;
				INFOPLIST_KEY_UISupportedInterfaceOrientations_iPad = "UIInterfaceOrientationLandscapeLeft UIInterfaceOrientationLandscapeRight UIInterfaceOrientationPortrait UIInterfaceOrientationPortraitUpsideDown";
				IPHONEOS_DEPLOYMENT_TARGET = 13.4;
				LD_RUNPATH_SEARCH_PATHS = (
					"$(inherited)",
					"@executable_path/Frameworks",
				);
				MARKETING_VERSION = 1.0;
				PRODUCT_BUNDLE_IDENTIFIER = com.deviantStudio.ImageFlow.Tracker;
				PRODUCT_NAME = "$(TARGET_NAME)";
				SUPPORTED_PLATFORMS = "iphoneos iphonesimulator";
				SUPPORTS_MACCATALYST = NO;
				SUPPORTS_MAC_DESIGNED_FOR_IPHONE_IPAD = NO;
				SWIFT_EMIT_LOC_STRINGS = YES;
				SWIFT_VERSION = 5.0;
				TARGETED_DEVICE_FAMILY = 1;
			};
			name = Release;
		};
/* End XCBuildConfiguration section */

/* Begin XCConfigurationList section */
		780BF38029D0EA6E00A3CFA0 /* Build configuration list for PBXProject "Tracker" */ = {
			isa = XCConfigurationList;
			buildConfigurations = (
				780BF39729D0EA7100A3CFA0 /* Debug */,
				780BF39829D0EA7100A3CFA0 /* Release */,
			);
			defaultConfigurationIsVisible = 0;
			defaultConfigurationName = Release;
		};
		780BF39929D0EA7100A3CFA0 /* Build configuration list for PBXNativeTarget "Tracker" */ = {
			isa = XCConfigurationList;
			buildConfigurations = (
				780BF39A29D0EA7100A3CFA0 /* Debug */,
				780BF39B29D0EA7100A3CFA0 /* Release */,
			);
			defaultConfigurationIsVisible = 0;
			defaultConfigurationName = Release;
		};
/* End XCConfigurationList section */

/* Begin XCRemoteSwiftPackageReference section */
		780BF39C29D0EADB00A3CFA0 /* XCRemoteSwiftPackageReference "SnapKit" */ = {
			isa = XCRemoteSwiftPackageReference;
			repositoryURL = "https://github.com/SnapKit/SnapKit.git";
			requirement = {
				branch = develop;
				kind = branch;
			};
		};
/* End XCRemoteSwiftPackageReference section */

/* Begin XCSwiftPackageProductDependency section */
		780BF39D29D0EADB00A3CFA0 /* SnapKit */ = {
			isa = XCSwiftPackageProductDependency;
			package = 780BF39C29D0EADB00A3CFA0 /* XCRemoteSwiftPackageReference "SnapKit" */;
			productName = SnapKit;
		};
/* End XCSwiftPackageProductDependency section */

/* Begin XCVersionGroup section */
		784BCA7429E85BDD00D1A14E /* TrackerCoreDataModel.xcdatamodeld */ = {
			isa = XCVersionGroup;
			children = (
				784BCA7529E85BDD00D1A14E /* TrackerCoreDataModel.xcdatamodel */,
			);
			currentVersion = 784BCA7529E85BDD00D1A14E /* TrackerCoreDataModel.xcdatamodel */;
			path = TrackerCoreDataModel.xcdatamodeld;
			sourceTree = "<group>";
			versionGroupType = wrapper.xcdatamodel;
		};
/* End XCVersionGroup section */
	};
	rootObject = 780BF37D29D0EA6E00A3CFA0 /* Project object */;
}
